
Microsoft Visual Studio Solution File, Format Version 12.00
# Visual Studio 2012
Project("{FAE04EC0-301F-11D3-BF4B-00C04F79EFBC}") = "WinBank66", "WinBank66\WinBank66.csproj", "{17C3BD20-5DDB-451E-8F5F-77223798473F}"
EndProject
Global
	GlobalSection(SolutionConfigurationPlatforms) = preSolution
		Debug|Any CPU = Debug|Any CPU
		Release|Any CPU = Release|Any CPU
	EndGlobalSection
	GlobalSection(ProjectConfigurationPlatforms) = postSolution
		{17C3BD20-5DDB-451E-8F5F-77223798473F}.Debug|Any CPU.ActiveCfg = Debug|Any CPU
		{17C3BD20-5DDB-451E-8F5F-77223798473F}.Debug|Any CPU.Build.0 = Debug|Any CPU
		{17C3BD20-5DDB-451E-8F5F-77223798473F}.Release|Any CPU.ActiveCfg = Release|Any CPU
		{17C3BD20-5DDB-451E-8F5F-77223798473F}.Release|Any CPU.Build.0 = Release|Any CPU
	EndGlobalSection
	GlobalSection(SolutionProperties) = preSolution
		HideSolutionNode = FALSE
	EndGlobalSection
EndGlobal
